
Microsoft Visual Studio Solution File, Format Version 12.00
# Visual Studio Version 17
VisualStudioVersion = 17.13.35931.197 d17.13
MinimumVisualStudioVersion = 10.0.40219.1
Project("{FAE04EC0-301F-11D3-BF4B-00C04F79EFBC}") = "курсовая надежда", "курсовая надежда.csproj", "{0039B832-B1AE-4986-89F0-D2ABFE9286D2}"
EndProject
Global
	GlobalSection(SolutionConfigurationPlatforms) = preSolution
		Debug|Any CPU = Debug|Any CPU
		Release|Any CPU = Release|Any CPU
	EndGlobalSection
	GlobalSection(ProjectConfigurationPlatforms) = postSolution
		{0039B832-B1AE-4986-89F0-D2ABFE9286D2}.Debug|Any CPU.ActiveCfg = Debug|Any CPU
		{0039B832-B1AE-4986-89F0-D2ABFE9286D2}.Debug|Any CPU.Build.0 = Debug|Any CPU
		{0039B832-B1AE-4986-89F0-D2ABFE9286D2}.Release|Any CPU.ActiveCfg = Release|Any CPU
		{0039B832-B1AE-4986-89F0-D2ABFE9286D2}.Release|Any CPU.Build.0 = Release|Any CPU
	EndGlobalSection
	GlobalSection(SolutionProperties) = preSolution
		HideSolutionNode = FALSE
	EndGlobalSection
	GlobalSection(ExtensibilityGlobals) = postSolution
		SolutionGuid = {4EB37D0F-1216-4091-A2C9-AE5576ECFD26}
	EndGlobalSection
EndGlobal
